
Microsoft Visual Studio Solution File, Format Version 12.00
# Visual Studio Version 16
VisualStudioVersion = 16.0.30804.86
MinimumVisualStudioVersion = 10.0.40219.1
Project("{9A19103F-16F7-4668-BE54-9A1E7A4F7556}") = "Game", "Game\Game.csproj", "{D7D0026B-332C-4398-80CF-733E141C1FA6}"
EndProject
Project("{FAE04EC0-301F-11D3-BF4B-00C04F79EFBC}") = "Game.UnitTests", "Game.UnitTests\Game.UnitTests.csproj", "{54CAD75A-A55D-46A4-8FEA-7A57E5697D6F}"
EndProject
Global
	GlobalSection(SolutionConfigurationPlatforms) = preSolution
		Debug|Any CPU = Debug|Any CPU
		Release|Any CPU = Release|Any CPU
	EndGlobalSection
	GlobalSection(ProjectConfigurationPlatforms) = postSolution
		{D7D0026B-332C-4398-80CF-733E141C1FA6}.Debug|Any CPU.ActiveCfg = Debug|Any CPU
		{D7D0026B-332C-4398-80CF-733E141C1FA6}.Debug|Any CPU.Build.0 = Debug|Any CPU
		{D7D0026B-332C-4398-80CF-733E141C1FA6}.Release|Any CPU.ActiveCfg = Release|Any CPU
		{D7D0026B-332C-4398-80CF-733E141C1FA6}.Release|Any CPU.Build.0 = Release|Any CPU
		{54CAD75A-A55D-46A4-8FEA-7A57E5697D6F}.Debug|Any CPU.ActiveCfg = Debug|Any CPU
		{54CAD75A-A55D-46A4-8FEA-7A57E5697D6F}.Debug|Any CPU.Build.0 = Debug|Any CPU
		{54CAD75A-A55D-46A4-8FEA-7A57E5697D6F}.Release|Any CPU.ActiveCfg = Release|Any CPU
		{54CAD75A-A55D-46A4-8FEA-7A57E5697D6F}.Release|Any CPU.Build.0 = Release|Any CPU
	EndGlobalSection
	GlobalSection(SolutionProperties) = preSolution
		HideSolutionNode = FALSE
	EndGlobalSection
	GlobalSection(ExtensibilityGlobals) = postSolution
		SolutionGuid = {B61183FD-F9E6-4F19-A902-BDDE2B8C87AA}
	EndGlobalSection
EndGlobal
